
Microsoft Visual Studio Solution File, Format Version 12.00
# Visual Studio Version 17
VisualStudioVersion = 17.5.33627.172
MinimumVisualStudioVersion = 10.0.40219.1
Project("{FAE04EC0-301F-11D3-BF4B-00C04F79EFBC}") = "Clock", "Clock\Clock.csproj", "{F307C629-BA5E-4EF5-8913-166533104DFA}"
EndProject
Project("{54435603-DBB4-11D2-8724-00A0C9A8B90C}") = "Часы", "Часы\Часы.vdproj", "{2F668DEC-2170-42CD-84CC-A30177AFAE45}"
EndProject
Global
	GlobalSection(SolutionConfigurationPlatforms) = preSolution
		Debug|Any CPU = Debug|Any CPU
		Release|Any CPU = Release|Any CPU
	EndGlobalSection
	GlobalSection(ProjectConfigurationPlatforms) = postSolution
		{F307C629-BA5E-4EF5-8913-166533104DFA}.Debug|Any CPU.ActiveCfg = Debug|Any CPU
		{F307C629-BA5E-4EF5-8913-166533104DFA}.Debug|Any CPU.Build.0 = Debug|Any CPU
		{F307C629-BA5E-4EF5-8913-166533104DFA}.Release|Any CPU.ActiveCfg = Release|Any CPU
		{F307C629-BA5E-4EF5-8913-166533104DFA}.Release|Any CPU.Build.0 = Release|Any CPU
		{2F668DEC-2170-42CD-84CC-A30177AFAE45}.Debug|Any CPU.ActiveCfg = Debug
		{2F668DEC-2170-42CD-84CC-A30177AFAE45}.Release|Any CPU.ActiveCfg = Release
	EndGlobalSection
	GlobalSection(SolutionProperties) = preSolution
		HideSolutionNode = FALSE
	EndGlobalSection
	GlobalSection(ExtensibilityGlobals) = postSolution
		SolutionGuid = {E1132C41-7C20-455C-BC7B-408BA34553A5}
	EndGlobalSection
EndGlobal
